dependencies:
  espressif/esp-dsp:
    component_hash: ed9ac175b14e0414399a2b33c525579414b5bad19a2a67b12ea212def96f9a98
    dependencies:
    - name: idf
      require: private
      version: '>=4.2'
    source:
      registry_url: https://components.espressif.com/
      type: service
    version: 1.8.2
  espressif/esp-nn:
    component_hash: e98a7dd3dfde460b1b4ca982e2ebae0b4831719a8e4659d19c145943deaf682b
    dependencies:
    - name: idf
      require: private
      version: '>=4.2'
    source:
      registry_url: https://components.espressif.com
      type: service
    version: 1.2.3
  espressif/esp-tflite-micro:
    component_hash: ea1b56915132379ca32812f9229e6540eb677284e90da8a4147104c32d5a62c6
    dependencies:
    - name: espressif/esp-nn
      registry_url: https://components.espressif.com
      require: private
      version: '>=1.1.1'
    - name: idf
      require: private
      version: '>=4.4'
    source:
      registry_url: https://components.espressif.com/
      type: service
    version: 1.3.4
  idf:
    source:
      type: idf
    version: 5.5.3
direct_dependencies:
- espressif/esp-dsp
- espressif/esp-tflite-micro
manifest_hash: 2c9659c046002883a66ac0c62d8f5550afc80787ea0580180593f9f28ded6672
target: esp32
version: 2.0.0
